
Microsoft Visual Studio Solution File, Format Version 12.00
# Visual Studio Version 17
VisualStudioVersion = 17.7.34202.233
MinimumVisualStudioVersion = 10.0.40219.1
Project("{FAE04EC0-301F-11D3-BF4B-00C04F79EFBC}") = "Methods", "Methods\Methods.csproj", "{E6D6A006-789E-4895-8BB2-0DEBFBA11F80}"
EndProject
Project("{FAE04EC0-301F-11D3-BF4B-00C04F79EFBC}") = "Matematik", "Matematik\Matematik.csproj", "{F18C8BDF-E39B-46FD-AB25-B956892C5B11}"
EndProject
Project("{FAE04EC0-301F-11D3-BF4B-00C04F79EFBC}") = "DegerVeReferansTipler", "DegerVeReferansTipler\DegerVeReferansTipler.csproj", "{C2F38465-7763-42FE-80DF-C33F54012821}"
EndProject
Project("{FAE04EC0-301F-11D3-BF4B-00C04F79EFBC}") = "ClassIntro", "ClassIntro\ClassIntro.csproj", "{1C65A760-9140-4B4A-801A-6E939D23DDAE}"
EndProject
Global
	GlobalSection(SolutionConfigurationPlatforms) = preSolution
		Debug|Any CPU = Debug|Any CPU
		Release|Any CPU = Release|Any CPU
	EndGlobalSection
	GlobalSection(ProjectConfigurationPlatforms) = postSolution
		{E6D6A006-789E-4895-8BB2-0DEBFBA11F80}.Debug|Any CPU.ActiveCfg = Debug|Any CPU
		{E6D6A006-789E-4895-8BB2-0DEBFBA11F80}.Debug|Any CPU.Build.0 = Debug|Any CPU
		{E6D6A006-789E-4895-8BB2-0DEBFBA11F80}.Release|Any CPU.ActiveCfg = Release|Any CPU
		{E6D6A006-789E-4895-8BB2-0DEBFBA11F80}.Release|Any CPU.Build.0 = Release|Any CPU
		{F18C8BDF-E39B-46FD-AB25-B956892C5B11}.Debug|Any CPU.ActiveCfg = Debug|Any CPU
		{F18C8BDF-E39B-46FD-AB25-B956892C5B11}.Debug|Any CPU.Build.0 = Debug|Any CPU
		{F18C8BDF-E39B-46FD-AB25-B956892C5B11}.Release|Any CPU.ActiveCfg = Release|Any CPU
		{F18C8BDF-E39B-46FD-AB25-B956892C5B11}.Release|Any CPU.Build.0 = Release|Any CPU
		{C2F38465-7763-42FE-80DF-C33F54012821}.Debug|Any CPU.ActiveCfg = Debug|Any CPU
		{C2F38465-7763-42FE-80DF-C33F54012821}.Debug|Any CPU.Build.0 = Debug|Any CPU
		{C2F38465-7763-42FE-80DF-C33F54012821}.Release|Any CPU.ActiveCfg = Release|Any CPU
		{C2F38465-7763-42FE-80DF-C33F54012821}.Release|Any CPU.Build.0 = Release|Any CPU
		{1C65A760-9140-4B4A-801A-6E939D23DDAE}.Debug|Any CPU.ActiveCfg = Debug|Any CPU
		{1C65A760-9140-4B4A-801A-6E939D23DDAE}.Debug|Any CPU.Build.0 = Debug|Any CPU
		{1C65A760-9140-4B4A-801A-6E939D23DDAE}.Release|Any CPU.ActiveCfg = Release|Any CPU
		{1C65A760-9140-4B4A-801A-6E939D23DDAE}.Release|Any CPU.Build.0 = Release|Any CPU
	EndGlobalSection
	GlobalSection(SolutionProperties) = preSolution
		HideSolutionNode = FALSE
	EndGlobalSection
	GlobalSection(ExtensibilityGlobals) = postSolution
		SolutionGuid = {4023C757-E3CC-4D5C-9C1C-081ED8816B51}
	EndGlobalSection
EndGlobal
